
Microsoft Visual Studio Solution File, Format Version 11.00
# Visual Studio 2010
Project("{FAE04EC0-301F-11D3-BF4B-00C04F79EFBC}") = "TransportePublico", "TransportePublico\TransportePublico.csproj", "{D44BA2D5-E486-4DED-9BB2-0AF5EEAE63FA}"
EndProject
Global
	GlobalSection(SolutionConfigurationPlatforms) = preSolution
		Debug|Any CPU = Debug|Any CPU
		Release|Any CPU = Release|Any CPU
	EndGlobalSection
	GlobalSection(ProjectConfigurationPlatforms) = postSolution
		{D44BA2D5-E486-4DED-9BB2-0AF5EEAE63FA}.Debug|Any CPU.ActiveCfg = Debug|Any CPU
		{D44BA2D5-E486-4DED-9BB2-0AF5EEAE63FA}.Debug|Any CPU.Build.0 = Debug|Any CPU
		{D44BA2D5-E486-4DED-9BB2-0AF5EEAE63FA}.Release|Any CPU.ActiveCfg = Release|Any CPU
		{D44BA2D5-E486-4DED-9BB2-0AF5EEAE63FA}.Release|Any CPU.Build.0 = Release|Any CPU
	EndGlobalSection
	GlobalSection(SolutionProperties) = preSolution
		HideSolutionNode = FALSE
	EndGlobalSection
EndGlobal
